
Microsoft Visual Studio Solution File, Format Version 12.00
# Visual Studio Version 17
VisualStudioVersion = 17.9.34728.123
MinimumVisualStudioVersion = 10.0.40219.1
Project("{2150E333-8FDC-42A3-9474-1A3956D46DE8}") = "src", "src", "{05313AE2-1115-4760-875E-50123980A4C9}"
EndProject
Project("{2150E333-8FDC-42A3-9474-1A3956D46DE8}") = "Services", "Services", "{E4F8D401-A2EE-4451-B79D-B0219FB0B6C6}"
EndProject
Project("{2150E333-8FDC-42A3-9474-1A3956D46DE8}") = "Gateways", "Gateways", "{45A94AC7-CEBE-4EA1-BB96-6DF054AC37FB}"
EndProject
Project("{2150E333-8FDC-42A3-9474-1A3956D46DE8}") = "Accounts", "Accounts", "{0DD02870-6ED7-4CC8-8187-E2FF1F59542B}"
EndProject
Project("{9A19103F-16F7-4668-BE54-9A1E7A4F7556}") = "API.Accounts", "src\Services\Accounts\API.Accounts\API.Accounts.csproj", "{888D5442-55EF-4EA5-963B-9FD95D473048}"
EndProject
Project("{9A19103F-16F7-4668-BE54-9A1E7A4F7556}") = "API.Accounts.Domain", "src\Services\Accounts\API.Accounts.Domain\API.Accounts.Domain.csproj", "{A687B242-15C4-4435-ABAB-7B590DABCF34}"
EndProject
Project("{9A19103F-16F7-4668-BE54-9A1E7A4F7556}") = "API.Accounts.Infrastructure", "src\Services\Accounts\API.Accounts.Infrastructure\API.Accounts.Infrastructure.csproj", "{8127C582-DBB6-4718-ACC6-43568D855D58}"
EndProject
Project("{9A19103F-16F7-4668-BE54-9A1E7A4F7556}") = "API.Accounts.Application", "src\Services\Accounts\API.Accounts.Application\API.Accounts.Application.csproj", "{C40CDB5B-44E7-409A-B7E1-E175F5DC7094}"
EndProject
Project("{2150E333-8FDC-42A3-9474-1A3956D46DE8}") = "Shared", "Shared", "{58F4CD63-A7C7-4488-8002-E8966DCC5F8D}"
EndProject
Project("{9A19103F-16F7-4668-BE54-9A1E7A4F7556}") = "API.Shared.Domain", "src\Services\Shared\API.Shared.Domain\API.Shared.Domain.csproj", "{A3A670D6-30AD-4C48-965E-F1D293BEE993}"
EndProject
Project("{9A19103F-16F7-4668-BE54-9A1E7A4F7556}") = "API.Shared.Infrastructure", "src\Services\Shared\API.Shared.Infrastructure\API.Shared.Infrastructure.csproj", "{FD23D576-752C-4C03-A7F7-AFD9592771A7}"
EndProject
Project("{9A19103F-16F7-4668-BE54-9A1E7A4F7556}") = "API.Shared.Common", "src\Services\Shared\API.Shared.Common\API.Shared.Common.csproj", "{9F9E0D0C-C936-4A4C-B41B-B69E3D92AE5C}"
EndProject
Project("{9A19103F-16F7-4668-BE54-9A1E7A4F7556}") = "API.Shared.Application", "src\Services\Shared\API.Shared.Application\API.Shared.Application.csproj", "{496138C4-09AC-4944-A15A-B00F8D03045A}"
EndProject
Project("{9A19103F-16F7-4668-BE54-9A1E7A4F7556}") = "API.Shared.Web", "src\Services\Shared\API.Shared.Web\API.Shared.Web.csproj", "{E7361466-CABF-4586-950D-ECB84C739AB0}"
EndProject
Project("{9A19103F-16F7-4668-BE54-9A1E7A4F7556}") = "API.Accounts.Common", "src\Services\Accounts\API.Accounts.Common\API.Accounts.Common.csproj", "{6B00F3AD-0EAD-4831-9041-0C721CB3C2EB}"
EndProject
Project("{2150E333-8FDC-42A3-9474-1A3956D46DE8}") = "MainGateway", "MainGateway", "{955AF224-98B3-4314-A033-70EA0BC45A7F}"
EndProject
Project("{FAE04EC0-301F-11D3-BF4B-00C04F79EFBC}") = "API.Gateway", "src\Gateways\MainGateway\API.Gateway\API.Gateway.csproj", "{F8D90D4A-6732-4D89-90AA-B7D39A582299}"
EndProject
Project("{E53339B2-1760-4266-BCC7-CA923CBCF16C}") = "docker-compose", "docker-compose.dcproj", "{1E88E8AD-D8F0-49A8-A20A-43F9EB8A9F08}"
EndProject
Global
	GlobalSection(SolutionConfigurationPlatforms) = preSolution
		Debug|Any CPU = Debug|Any CPU
		Release|Any CPU = Release|Any CPU
	EndGlobalSection
	GlobalSection(ProjectConfigurationPlatforms) = postSolution
		{888D5442-55EF-4EA5-963B-9FD95D473048}.Debug|Any CPU.ActiveCfg = Debug|Any CPU
		{888D5442-55EF-4EA5-963B-9FD95D473048}.Debug|Any CPU.Build.0 = Debug|Any CPU
		{888D5442-55EF-4EA5-963B-9FD95D473048}.Release|Any CPU.ActiveCfg = Release|Any CPU
		{888D5442-55EF-4EA5-963B-9FD95D473048}.Release|Any CPU.Build.0 = Release|Any CPU
		{A687B242-15C4-4435-ABAB-7B590DABCF34}.Debug|Any CPU.ActiveCfg = Debug|Any CPU
		{A687B242-15C4-4435-ABAB-7B590DABCF34}.Debug|Any CPU.Build.0 = Debug|Any CPU
		{A687B242-15C4-4435-ABAB-7B590DABCF34}.Release|Any CPU.ActiveCfg = Release|Any CPU
		{A687B242-15C4-4435-ABAB-7B590DABCF34}.Release|Any CPU.Build.0 = Release|Any CPU
		{8127C582-DBB6-4718-ACC6-43568D855D58}.Debug|Any CPU.ActiveCfg = Debug|Any CPU
		{8127C582-DBB6-4718-ACC6-43568D855D58}.Debug|Any CPU.Build.0 = Debug|Any CPU
		{8127C582-DBB6-4718-ACC6-43568D855D58}.Release|Any CPU.ActiveCfg = Release|Any CPU
		{8127C582-DBB6-4718-ACC6-43568D855D58}.Release|Any CPU.Build.0 = Release|Any CPU
		{C40CDB5B-44E7-409A-B7E1-E175F5DC7094}.Debug|Any CPU.ActiveCfg = Debug|Any CPU
		{C40CDB5B-44E7-409A-B7E1-E175F5DC7094}.Debug|Any CPU.Build.0 = Debug|Any CPU
		{C40CDB5B-44E7-409A-B7E1-E175F5DC7094}.Release|Any CPU.ActiveCfg = Release|Any CPU
		{C40CDB5B-44E7-409A-B7E1-E175F5DC7094}.Release|Any CPU.Build.0 = Release|Any CPU
		{A3A670D6-30AD-4C48-965E-F1D293BEE993}.Debug|Any CPU.ActiveCfg = Debug|Any CPU
		{A3A670D6-30AD-4C48-965E-F1D293BEE993}.Debug|Any CPU.Build.0 = Debug|Any CPU
		{A3A670D6-30AD-4C48-965E-F1D293BEE993}.Release|Any CPU.ActiveCfg = Release|Any CPU
		{A3A670D6-30AD-4C48-965E-F1D293BEE993}.Release|Any CPU.Build.0 = Release|Any CPU
		{FD23D576-752C-4C03-A7F7-AFD9592771A7}.Debug|Any CPU.ActiveCfg = Debug|Any CPU
		{FD23D576-752C-4C03-A7F7-AFD9592771A7}.Debug|Any CPU.Build.0 = Debug|Any CPU
		{FD23D576-752C-4C03-A7F7-AFD9592771A7}.Release|Any CPU.ActiveCfg = Release|Any CPU
		{FD23D576-752C-4C03-A7F7-AFD9592771A7}.Release|Any CPU.Build.0 = Release|Any CPU
		{9F9E0D0C-C936-4A4C-B41B-B69E3D92AE5C}.Debug|Any CPU.ActiveCfg = Debug|Any CPU
		{9F9E0D0C-C936-4A4C-B41B-B69E3D92AE5C}.Debug|Any CPU.Build.0 = Debug|Any CPU
		{9F9E0D0C-C936-4A4C-B41B-B69E3D92AE5C}.Release|Any CPU.ActiveCfg = Release|Any CPU
		{9F9E0D0C-C936-4A4C-B41B-B69E3D92AE5C}.Release|Any CPU.Build.0 = Release|Any CPU
		{496138C4-09AC-4944-A15A-B00F8D03045A}.Debug|Any CPU.ActiveCfg = Debug|Any CPU
		{496138C4-09AC-4944-A15A-B00F8D03045A}.Debug|Any CPU.Build.0 = Debug|Any CPU
		{496138C4-09AC-4944-A15A-B00F8D03045A}.Release|Any CPU.ActiveCfg = Release|Any CPU
		{496138C4-09AC-4944-A15A-B00F8D03045A}.Release|Any CPU.Build.0 = Release|Any CPU
		{E7361466-CABF-4586-950D-ECB84C739AB0}.Debug|Any CPU.ActiveCfg = Debug|Any CPU
		{E7361466-CABF-4586-950D-ECB84C739AB0}.Debug|Any CPU.Build.0 = Debug|Any CPU
		{E7361466-CABF-4586-950D-ECB84C739AB0}.Release|Any CPU.ActiveCfg = Release|Any CPU
		{E7361466-CABF-4586-950D-ECB84C739AB0}.Release|Any CPU.Build.0 = Release|Any CPU
		{6B00F3AD-0EAD-4831-9041-0C721CB3C2EB}.Debug|Any CPU.ActiveCfg = Debug|Any CPU
		{6B00F3AD-0EAD-4831-9041-0C721CB3C2EB}.Debug|Any CPU.Build.0 = Debug|Any CPU
		{6B00F3AD-0EAD-4831-9041-0C721CB3C2EB}.Release|Any CPU.ActiveCfg = Release|Any CPU
		{6B00F3AD-0EAD-4831-9041-0C721CB3C2EB}.Release|Any CPU.Build.0 = Release|Any CPU
		{F8D90D4A-6732-4D89-90AA-B7D39A582299}.Debug|Any CPU.ActiveCfg = Debug|Any CPU
		{F8D90D4A-6732-4D89-90AA-B7D39A582299}.Debug|Any CPU.Build.0 = Debug|Any CPU
		{F8D90D4A-6732-4D89-90AA-B7D39A582299}.Release|Any CPU.ActiveCfg = Release|Any CPU
		{F8D90D4A-6732-4D89-90AA-B7D39A582299}.Release|Any CPU.Build.0 = Release|Any CPU
		{1E88E8AD-D8F0-49A8-A20A-43F9EB8A9F08}.Debug|Any CPU.ActiveCfg = Debug|Any CPU
		{1E88E8AD-D8F0-49A8-A20A-43F9EB8A9F08}.Debug|Any CPU.Build.0 = Debug|Any CPU
		{1E88E8AD-D8F0-49A8-A20A-43F9EB8A9F08}.Release|Any CPU.ActiveCfg = Release|Any CPU
		{1E88E8AD-D8F0-49A8-A20A-43F9EB8A9F08}.Release|Any CPU.Build.0 = Release|Any CPU
	EndGlobalSection
	GlobalSection(SolutionProperties) = preSolution
		HideSolutionNode = FALSE
	EndGlobalSection
	GlobalSection(NestedProjects) = preSolution
		{E4F8D401-A2EE-4451-B79D-B0219FB0B6C6} = {05313AE2-1115-4760-875E-50123980A4C9}
		{45A94AC7-CEBE-4EA1-BB96-6DF054AC37FB} = {05313AE2-1115-4760-875E-50123980A4C9}
		{0DD02870-6ED7-4CC8-8187-E2FF1F59542B} = {E4F8D401-A2EE-4451-B79D-B0219FB0B6C6}
		{888D5442-55EF-4EA5-963B-9FD95D473048} = {0DD02870-6ED7-4CC8-8187-E2FF1F59542B}
		{A687B242-15C4-4435-ABAB-7B590DABCF34} = {0DD02870-6ED7-4CC8-8187-E2FF1F59542B}
		{8127C582-DBB6-4718-ACC6-43568D855D58} = {0DD02870-6ED7-4CC8-8187-E2FF1F59542B}
		{C40CDB5B-44E7-409A-B7E1-E175F5DC7094} = {0DD02870-6ED7-4CC8-8187-E2FF1F59542B}
		{58F4CD63-A7C7-4488-8002-E8966DCC5F8D} = {E4F8D401-A2EE-4451-B79D-B0219FB0B6C6}
		{A3A670D6-30AD-4C48-965E-F1D293BEE993} = {58F4CD63-A7C7-4488-8002-E8966DCC5F8D}
		{FD23D576-752C-4C03-A7F7-AFD9592771A7} = {58F4CD63-A7C7-4488-8002-E8966DCC5F8D}
		{9F9E0D0C-C936-4A4C-B41B-B69E3D92AE5C} = {58F4CD63-A7C7-4488-8002-E8966DCC5F8D}
		{496138C4-09AC-4944-A15A-B00F8D03045A} = {58F4CD63-A7C7-4488-8002-E8966DCC5F8D}
		{E7361466-CABF-4586-950D-ECB84C739AB0} = {58F4CD63-A7C7-4488-8002-E8966DCC5F8D}
		{6B00F3AD-0EAD-4831-9041-0C721CB3C2EB} = {0DD02870-6ED7-4CC8-8187-E2FF1F59542B}
		{955AF224-98B3-4314-A033-70EA0BC45A7F} = {45A94AC7-CEBE-4EA1-BB96-6DF054AC37FB}
		{F8D90D4A-6732-4D89-90AA-B7D39A582299} = {955AF224-98B3-4314-A033-70EA0BC45A7F}
	EndGlobalSection
	GlobalSection(ExtensibilityGlobals) = postSolution
		SolutionGuid = {15447879-0410-468B-B8B9-384E84EFB019}
	EndGlobalSection
EndGlobal
